// !$*UTF8*$!
{
	archiveVersion = 1;
	classes = {
	};
	objectVersion = 46;
	objects = {

/* Begin PBXBuildFile section */
		16E52235236141BEAC6181EA /* libPods.a in Frameworks */ = {isa = PBXBuildFile; fileRef = 38E2FF574CA344EF9AF4C7F5 /* libPods.a */; };
		FECD709D167A034400B8064D /* UIKit.framework in Frameworks */ = {isa = PBXBuildFile; fileRef = FECD709C167A034400B8064D /* UIKit.framework */; };
		FECD709F167A034400B8064D /* Foundation.framework in Frameworks */ = {isa = PBXBuildFile; fileRef = FECD709E167A034400B8064D /* Foundation.framework */; };
		FECD70A1167A034400B8064D /* CoreGraphics.framework in Frameworks */ = {isa = PBXBuildFile; fileRef = FECD70A0167A034400B8064D /* CoreGraphics.framework */; };
		FECD70A7167A034400B8064D /* InfoPlist.strings in Resources */ = {isa = PBXBuildFile; fileRef = FECD70A5167A034400B8064D /* InfoPlist.strings */; };
		FECD70A9167A034400B8064D /* main.m in Sources */ = {isa = PBXBuildFile; fileRef = FECD70A8167A034400B8064D /* main.m */; };
		FECD70AD167A034400B8064D /* AppDelegate.m in Sources */ = {isa = PBXBuildFile; fileRef = FECD70AC167A034400B8064D /* AppDelegate.m */; };
		FECD70AF167A034400B8064D /* Default.png in Resources */ = {isa = PBXBuildFile; fileRef = FECD70AE167A034400B8064D /* Default.png */; };
		FECD70B1167A034400B8064D /* Default@2x.png in Resources */ = {isa = PBXBuildFile; fileRef = FECD70B0167A034400B8064D /* Default@2x.png */; };
		FECD70B3167A034400B8064D /* Default-568h@2x.png in Resources */ = {isa = PBXBuildFile; fileRef = FECD70B2167A034400B8064D /* Default-568h@2x.png */; };
		FECD70F5167A0D8B00B8064D /* AppleFactory.m in Sources */ = {isa = PBXBuildFile; fileRef = FECD70F4167A0D8B00B8064D /* AppleFactory.m */; };
		FECD70F9167A0D9C00B8064D /* Apple.m in Sources */ = {isa = PBXBuildFile; fileRef = FECD70F8167A0D9C00B8064D /* Apple.m */; };
/* End PBXBuildFile section */

/* Begin PBXFileReference section */
		38E2FF574CA344EF9AF4C7F5 /* libPods.a */ = {isa = PBXFileReference; explicitFileType = archive.ar; includeInIndex = 0; path = libPods.a; sourceTree = BUILT_PRODUCTS_DIR; };
		FA367BF34A6443CAA7C3EFC2 /* Pods.xcconfig */ = {isa = PBXFileReference; includeInIndex = 1; lastKnownFileType = text.xcconfig; name = Pods.xcconfig; path = Pods/Pods.xcconfig; sourceTree = SOURCE_ROOT; };
		FECD7098167A034400B8064D /* Apples.app */ = {isa = PBXFileReference; explicitFileType = wrapper.application; includeInIndex = 0; path = Apples.app; sourceTree = BUILT_PRODUCTS_DIR; };
		FECD709C167A034400B8064D /* UIKit.framework */ = {isa = PBXFileReference; includeInIndex = 1; lastKnownFileType = wrapper.framework; name = UIKit.framework; path = System/Library/Frameworks/UIKit.framework; sourceTree = SDKROOT; };
		FECD709E167A034400B8064D /* Foundation.framework */ = {isa = PBXFileReference; includeInIndex = 1; lastKnownFileType = wrapper.framework; name = Foundation.framework; path = System/Library/Frameworks/Foundation.framework; sourceTree = SDKROOT; };
		FECD70A0167A034400B8064D /* CoreGraphics.framework */ = {isa = PBXFileReference; includeInIndex = 1; lastKnownFileType = wrapper.framework; name = CoreGraphics.framework; path = System/Library/Frameworks/CoreGraphics.framework; sourceTree = SDKROOT; };
		FECD70A4167A034400B8064D /* Apples-Info.plist */ = {isa = PBXFileReference; lastKnownFileType = text.plist.xml; path = "Apples-Info.plist"; sourceTree = "<group>"; };
		FECD70A6167A034400B8064D /* en */ = {isa = PBXFileReference; lastKnownFileType = text.plist.strings; name = en; path = en.lproj/InfoPlist.strings; sourceTree = "<group>"; };
		FECD70A8167A034400B8064D /* main.m */ = {isa = PBXFileReference; lastKnownFileType = sourcecode.c.objc; path = main.m; sourceTree = "<group>"; };
		FECD70AA167A034400B8064D /* Apples-Prefix.pch */ = {isa = PBXFileReference; lastKnownFileType = sourcecode.c.h; path = "Apples-Prefix.pch"; sourceTree = "<group>"; };
		FECD70AB167A034400B8064D /* AppDelegate.h */ = {isa = PBXFileReference; lastKnownFileType = sourcecode.c.h; path = AppDelegate.h; sourceTree = "<group>"; };
		FECD70AC167A034400B8064D /* AppDelegate.m */ = {isa = PBXFileReference; lastKnownFileType = sourcecode.c.objc; path = AppDelegate.m; sourceTree = "<group>"; };
		FECD70AE167A034400B8064D /* Default.png */ = {isa = PBXFileReference; lastKnownFileType = image.png; path = Default.png; sourceTree = "<group>"; };
		FECD70B0167A034400B8064D /* Default@2x.png */ = {isa = PBXFileReference; lastKnownFileType = image.png; path = "Default@2x.png"; sourceTree = "<group>"; };
		FECD70B2167A034400B8064D /* Default-568h@2x.png */ = {isa = PBXFileReference; lastKnownFileType = image.png; path = "Default-568h@2x.png"; sourceTree = "<group>"; };
		FECD70F3167A0D8B00B8064D /* AppleFactory.h */ = {isa = PBXFileReference; fileEncoding = 4; lastKnownFileType = sourcecode.c.h; path = AppleFactory.h; sourceTree = "<group>"; };
		FECD70F4167A0D8B00B8064D /* AppleFactory.m */ = {isa = PBXFileReference; fileEncoding = 4; lastKnownFileType = sourcecode.c.objc; path = AppleFactory.m; sourceTree = "<group>"; };
		FECD70F7167A0D9C00B8064D /* Apple.h */ = {isa = PBXFileReference; fileEncoding = 4; lastKnownFileType = sourcecode.c.h; path = Apple.h; sourceTree = "<group>"; };
		FECD70F8167A0D9C00B8064D /* Apple.m */ = {isa = PBXFileReference; fileEncoding = 4; lastKnownFileType = sourcecode.c.objc; path = Apple.m; sourceTree = "<group>"; };
/* End PBXFileReference section */

/* Begin PBXFrameworksBuildPhase section */
		FECD7095167A034400B8064D /* Frameworks */ = {
			isa = PBXFrameworksBuildPhase;
			buildActionMask = 2147483647;
			files = (
				FECD709D167A034400B8064D /* UIKit.framework in Frameworks */,
				FECD709F167A034400B8064D /* Foundation.framework in Frameworks */,
				FECD70A1167A034400B8064D /* CoreGraphics.framework in Frameworks */,
				16E52235236141BEAC6181EA /* libPods.a in Frameworks */,
			);
			runOnlyForDeploymentPostprocessing = 0;
		};
/* End PBXFrameworksBuildPhase section */

/* Begin PBXGroup section */
		FECD708D167A034400B8064D = {
			isa = PBXGroup;
			children = (
				FECD70A2167A034400B8064D /* Apples */,
				FECD709B167A034400B8064D /* Frameworks */,
				FECD7099167A034400B8064D /* Products */,
				FA367BF34A6443CAA7C3EFC2 /* Pods.xcconfig */,
			);
			sourceTree = "<group>";
		};
		FECD7099167A034400B8064D /* Products */ = {
			isa = PBXGroup;
			children = (
				FECD7098167A034400B8064D /* Apples.app */,
			);
			name = Products;
			sourceTree = "<group>";
		};
		FECD709B167A034400B8064D /* Frameworks */ = {
			isa = PBXGroup;
			children = (
				FECD709C167A034400B8064D /* UIKit.framework */,
				FECD709E167A034400B8064D /* Foundation.framework */,
				FECD70A0167A034400B8064D /* CoreGraphics.framework */,
				38E2FF574CA344EF9AF4C7F5 /* libPods.a */,
			);
			name = Frameworks;
			sourceTree = "<group>";
		};
		FECD70A2167A034400B8064D /* Apples */ = {
			isa = PBXGroup;
			children = (
				FECD70AB167A034400B8064D /* AppDelegate.h */,
				FECD70AC167A034400B8064D /* AppDelegate.m */,
				FECD70A3167A034400B8064D /* Supporting Files */,
				FECD70F3167A0D8B00B8064D /* AppleFactory.h */,
				FECD70F4167A0D8B00B8064D /* AppleFactory.m */,
				FECD70F7167A0D9C00B8064D /* Apple.h */,
				FECD70F8167A0D9C00B8064D /* Apple.m */,
			);
			path = Apples;
			sourceTree = "<group>";
		};
		FECD70A3167A034400B8064D /* Supporting Files */ = {
			isa = PBXGroup;
			children = (
				FECD70A4167A034400B8064D /* Apples-Info.plist */,
				FECD70A5167A034400B8064D /* InfoPlist.strings */,
				FECD70A8167A034400B8064D /* main.m */,
				FECD70AA167A034400B8064D /* Apples-Prefix.pch */,
				FECD70AE167A034400B8064D /* Default.png */,
				FECD70B0167A034400B8064D /* Default@2x.png */,
				FECD70B2167A034400B8064D /* Default-568h@2x.png */,
			);
			name = "Supporting Files";
			sourceTree = "<group>";
		};
/* End PBXGroup section */

/* Begin PBXNativeTarget section */
		FECD7097167A034400B8064D /* Apples */ = {
			isa = PBXNativeTarget;
			buildConfigurationList = FECD70B6167A034400B8064D /* Build configuration list for PBXNativeTarget "Apples" */;
			buildPhases = (
				FECD7094167A034400B8064D /* Sources */,
				FECD7095167A034400B8064D /* Frameworks */,
				FECD7096167A034400B8064D /* Resources */,
				EA2DE8E808A541979E0F9C00 /* Copy Pods Resources */,
			);
			buildRules = (
			);
			dependencies = (
			);
			name = Apples;
			productName = Apples;
			productReference = FECD7098167A034400B8064D /* Apples.app */;
			productType = "com.apple.product-type.application";
		};
/* End PBXNativeTarget section */

/* Begin PBXProject section */
		FECD708F167A034400B8064D /* Project object */ = {
			isa = PBXProject;
			attributes = {
				LastUpgradeCheck = 0450;
				ORGANIZATIONNAME = iCapps;
			};
			buildConfigurationList = FECD7092167A034400B8064D /* Build configuration list for PBXProject "Apples" */;
			compatibilityVersion = "Xcode 3.2";
			developmentRegion = English;
			hasScannedForEncodings = 0;
			knownRegions = (
				en,
			);
			mainGroup = FECD708D167A034400B8064D;
			productRefGroup = FECD7099167A034400B8064D /* Products */;
			projectDirPath = "";
			projectRoot = "";
			targets = (
				FECD7097167A034400B8064D /* Apples */,
			);
		};
/* End PBXProject section */

/* Begin PBXResourcesBuildPhase section */
		FECD7096167A034400B8064D /* Resources */ = {
			isa = PBXResourcesBuildPhase;
			buildActionMask = 2147483647;
			files = (
				FECD70A7167A034400B8064D /* InfoPlist.strings in Resources */,
				FECD70AF167A034400B8064D /* Default.png in Resources */,
				FECD70B1167A034400B8064D /* Default@2x.png in Resources */,
				FECD70B3167A034400B8064D /* Default-568h@2x.png in Resources */,
			);
			runOnlyForDeploymentPostprocessing = 0;
		};
/* End PBXResourcesBuildPhase section */

/* Begin PBXShellScriptBuildPhase section */
		EA2DE8E808A541979E0F9C00 /* Copy Pods Resources */ = {
			isa = PBXShellScriptBuildPhase;
			buildActionMask = 2147483647;
			files = (
			);
			inputPaths = (
			);
			name = "Copy Pods Resources";
			outputPaths = (
			);
			runOnlyForDeploymentPostprocessing = 0;
			shellPath = /bin/sh;
			shellScript = "\"${SRCROOT}/Pods/Pods-resources.sh\"\n";
		};
/* End PBXShellScriptBuildPhase section */

/* Begin PBXSourcesBuildPhase section */
		FECD7094167A034400B8064D /* Sources */ = {
			isa = PBXSourcesBuildPhase;
			buildActionMask = 2147483647;
			files = (
				FECD70A9167A034400B8064D /* main.m in Sources */,
				FECD70AD167A034400B8064D /* AppDelegate.m in Sources */,
				FECD70F5167A0D8B00B8064D /* AppleFactory.m in Sources */,
				FECD70F9167A0D9C00B8064D /* Apple.m in Sources */,
			);
			runOnlyForDeploymentPostprocessing = 0;
		};
/* End PBXSourcesBuildPhase section */

/* Begin PBXVariantGroup section */
		FECD70A5167A034400B8064D /* InfoPlist.strings */ = {
			isa = PBXVariantGroup;
			children = (
				FECD70A6167A034400B8064D /* en */,
			);
			name = InfoPlist.strings;
			sourceTree = "<group>";
		};
/* End PBXVariantGroup section */

/* Begin XCBuildConfiguration section */
		FECD70B4167A034400B8064D /* Debug */ = {
			isa = XCBuildConfiguration;
			buildSettings = {
				ALWAYS_SEARCH_USER_PATHS = NO;
				CLANG_CXX_LANGUAGE_STANDARD = "gnu++0x";
				CLANG_CXX_LIBRARY = "libc++";
				CLANG_ENABLE_OBJC_ARC = YES;
				CLANG_WARN_EMPTY_BODY = YES;
				CLANG_WARN__DUPLICATE_METHOD_MATCH = YES;
				"CODE_SIGN_IDENTITY[sdk=iphoneos*]" = "iPhone Developer";
				COPY_PHASE_STRIP = NO;
				GCC_C_LANGUAGE_STANDARD = gnu99;
				GCC_DYNAMIC_NO_PIC = NO;
				GCC_OPTIMIZATION_LEVEL = 0;
				GCC_PREPROCESSOR_DEFINITIONS = (
					"DEBUG=1",
					"$(inherited)",
				);
				GCC_SYMBOLS_PRIVATE_EXTERN = NO;
				GCC_WARN_ABOUT_RETURN_TYPE = YES;
				GCC_WARN_UNINITIALIZED_AUTOS = YES;
				GCC_WARN_UNUSED_VARIABLE = YES;
				IPHONEOS_DEPLOYMENT_TARGET = 6.0;
				ONLY_ACTIVE_ARCH = YES;
				SDKROOT = iphoneos;
				TARGETED_DEVICE_FAMILY = "1,2";
			};
			name = Debug;
		};
		FECD70B5167A034400B8064D /* Release */ = {
			isa = XCBuildConfiguration;
			buildSettings = {
				ALWAYS_SEARCH_USER_PATHS = NO;
				CLANG_CXX_LANGUAGE_STANDARD = "gnu++0x";
				CLANG_CXX_LIBRARY = "libc++";
				CLANG_ENABLE_OBJC_ARC = YES;
				CLANG_WARN_EMPTY_BODY = YES;
				CLANG_WARN__DUPLICATE_METHOD_MATCH = YES;
				"CODE_SIGN_IDENTITY[sdk=iphoneos*]" = "iPhone Developer";
				COPY_PHASE_STRIP = YES;
				GCC_C_LANGUAGE_STANDARD = gnu99;
				GCC_WARN_ABOUT_RETURN_TYPE = YES;
				GCC_WARN_UNINITIALIZED_AUTOS = YES;
				GCC_WARN_UNUSED_VARIABLE = YES;
				IPHONEOS_DEPLOYMENT_TARGET = 6.0;
				OTHER_CFLAGS = "-DNS_BLOCK_ASSERTIONS=1";
				SDKROOT = iphoneos;
				TARGETED_DEVICE_FAMILY = "1,2";
				VALIDATE_PRODUCT = YES;
			};
			name = Release;
		};
		FECD70B7167A034400B8064D /* Debug */ = {
			isa = XCBuildConfiguration;
			baseConfigurationReference = FA367BF34A6443CAA7C3EFC2 /* Pods.xcconfig */;
			buildSettings = {
				GCC_PRECOMPILE_PREFIX_HEADER = YES;
				GCC_PREFIX_HEADER = "Apples/Apples-Prefix.pch";
				INFOPLIST_FILE = "Apples/Apples-Info.plist";
				PRODUCT_NAME = "$(TARGET_NAME)";
				WRAPPER_EXTENSION = app;
			};
			name = Debug;
		};
		FECD70B8167A034400B8064D /* Release */ = {
			isa = XCBuildConfiguration;
			baseConfigurationReference = FA367BF34A6443CAA7C3EFC2 /* Pods.xcconfig */;
			buildSettings = {
				GCC_PRECOMPILE_PREFIX_HEADER = YES;
				GCC_PREFIX_HEADER = "Apples/Apples-Prefix.pch";
				INFOPLIST_FILE = "Apples/Apples-Info.plist";
				PRODUCT_NAME = "$(TARGET_NAME)";
				WRAPPER_EXTENSION = app;
			};
			name = Release;
		};
/* End XCBuildConfiguration section */

/* Begin XCConfigurationList section */
		FECD7092167A034400B8064D /* Build configuration list for PBXProject "Apples" */ = {
			isa = XCConfigurationList;
			buildConfigurations = (
				FECD70B4167A034400B8064D /* Debug */,
				FECD70B5167A034400B8064D /* Release */,
			);
			defaultConfigurationIsVisible = 0;
			defaultConfigurationName = Release;
		};
		FECD70B6167A034400B8064D /* Build configuration list for PBXNativeTarget "Apples" */ = {
			isa = XCConfigurationList;
			buildConfigurations = (
				FECD70B7167A034400B8064D /* Debug */,
				FECD70B8167A034400B8064D /* Release */,
			);
			defaultConfigurationIsVisible = 0;
			defaultConfigurationName = Release;
		};
/* End XCConfigurationList section */
	};
	rootObject = FECD708F167A034400B8064D /* Project object */;
}
